// !$*UTF8*$!
{
	archiveVersion = 1;
	classes = {
	};
	objectVersion = 56;
	objects = {

/* Begin PBXBuildFile section */
		0A1BA6B42CA3499400372AD7 /* DeportiveCarMock.swift in Sources */ = {isa = PBXBuildFile; fileRef = 0A1BA6B32CA3499400372AD7 /* DeportiveCarMock.swift */; };
		0A2115802C9F286400A64225 /* Alamofire in Frameworks */ = {isa = PBXBuildFile; productRef = 0A21157F2C9F286400A64225 /* Alamofire */; };
		0A2115822C9F286400A64225 /* AlamofireDynamic in Frameworks */ = {isa = PBXBuildFile; productRef = 0A2115812C9F286400A64225 /* AlamofireDynamic */; };
		0A2115852C9F2FAA00A64225 /* HomeView.swift in Sources */ = {isa = PBXBuildFile; fileRef = 0A2115842C9F2FAA00A64225 /* HomeView.swift */; };
		0A2115872C9F320100A64225 /* ProductDetailView.swift in Sources */ = {isa = PBXBuildFile; fileRef = 0A2115862C9F320100A64225 /* ProductDetailView.swift */; };
		0A21158B2C9F366A00A64225 /* ProductResponse.swift in Sources */ = {isa = PBXBuildFile; fileRef = 0A21158A2C9F366A00A64225 /* ProductResponse.swift */; };
		0A21158F2C9F90C000A64225 /* HomePresenter.swift in Sources */ = {isa = PBXBuildFile; fileRef = 0A21158E2C9F90C000A64225 /* HomePresenter.swift */; };
		0A2115912C9F919700A64225 /* VehicleService.swift in Sources */ = {isa = PBXBuildFile; fileRef = 0A2115902C9F919700A64225 /* VehicleService.swift */; };
		0A54E2272CA0AE3E005CE2D4 /* ListStateView.swift in Sources */ = {isa = PBXBuildFile; fileRef = 0A54E2262CA0AE3E005CE2D4 /* ListStateView.swift */; };
		0A54E22A2CA0E76B005CE2D4 /* Kingfisher in Frameworks */ = {isa = PBXBuildFile; productRef = 0A54E2292CA0E76B005CE2D4 /* Kingfisher */; };
		0A54E22C2CA0F745005CE2D4 /* ProductDetailPresenter.swift in Sources */ = {isa = PBXBuildFile; fileRef = 0A54E22B2CA0F745005CE2D4 /* ProductDetailPresenter.swift */; };
		0A54E22F2CA0FB52005CE2D4 /* String+.swift in Sources */ = {isa = PBXBuildFile; fileRef = 0A54E22E2CA0FB52005CE2D4 /* String+.swift */; };
		0A54E2332CA2185C005CE2D4 /* LoadingCustomView.swift in Sources */ = {isa = PBXBuildFile; fileRef = 0A54E2322CA2185B005CE2D4 /* LoadingCustomView.swift */; };
		0A54E2352CA22090005CE2D4 /* VehicleRequest.swift in Sources */ = {isa = PBXBuildFile; fileRef = 0A54E2342CA22090005CE2D4 /* VehicleRequest.swift */; };
		0A54E23C2CA2321F005CE2D4 /* StringExtensionsTest.swift in Sources */ = {isa = PBXBuildFile; fileRef = 0A54E23B2CA2321F005CE2D4 /* StringExtensionsTest.swift */; };
		0A558E5D2C9E10BE0019140C /* ChallengeMercadoPagoApp.swift in Sources */ = {isa = PBXBuildFile; fileRef = 0A558E5C2C9E10BE0019140C /* ChallengeMercadoPagoApp.swift */; };
		0A558E5F2C9E10BE0019140C /* ContentView.swift in Sources */ = {isa = PBXBuildFile; fileRef = 0A558E5E2C9E10BE0019140C /* ContentView.swift */; };
		0A558E612C9E10C10019140C /* Assets.xcassets in Resources */ = {isa = PBXBuildFile; fileRef = 0A558E602C9E10C10019140C /* Assets.xcassets */; };
		0A558E642C9E10C10019140C /* Preview Assets.xcassets in Resources */ = {isa = PBXBuildFile; fileRef = 0A558E632C9E10C10019140C /* Preview Assets.xcassets */; };
		0A558E6E2C9E10C10019140C /* ChallengeMercadoPagoTests.swift in Sources */ = {isa = PBXBuildFile; fileRef = 0A558E6D2C9E10C10019140C /* ChallengeMercadoPagoTests.swift */; };
		0ACE78BC2CA34BE4002C06E2 /* ProductDetailPresenterTest.swift in Sources */ = {isa = PBXBuildFile; fileRef = 0ACE78BB2CA34BE4002C06E2 /* ProductDetailPresenterTest.swift */; };
		0ACE78BE2CA36C54002C06E2 /* consigna.pdf in Resources */ = {isa = PBXBuildFile; fileRef = 0ACE78BD2CA36C53002C06E2 /* consigna.pdf */; };
/* End PBXBuildFile section */

/* Begin PBXContainerItemProxy section */
		0A558E6A2C9E10C10019140C /* PBXContainerItemProxy */ = {
			isa = PBXContainerItemProxy;
			containerPortal = 0A558E512C9E10BE0019140C /* Project object */;
			proxyType = 1;
			remoteGlobalIDString = 0A558E582C9E10BE0019140C;
			remoteInfo = ChallengeMercadoPago;
		};
/* End PBXContainerItemProxy section */

/* Begin PBXFileReference section */
		0A1BA6B32CA3499400372AD7 /* DeportiveCarMock.swift */ = {isa = PBXFileReference; lastKnownFileType = sourcecode.swift; path = DeportiveCarMock.swift; sourceTree = "<group>"; };
		0A2115842C9F2FAA00A64225 /* HomeView.swift */ = {isa = PBXFileReference; lastKnownFileType = sourcecode.swift; path = HomeView.swift; sourceTree = "<group>"; };
		0A2115862C9F320100A64225 /* ProductDetailView.swift */ = {isa = PBXFileReference; lastKnownFileType = sourcecode.swift; path = ProductDetailView.swift; sourceTree = "<group>"; };
		0A21158A2C9F366A00A64225 /* ProductResponse.swift */ = {isa = PBXFileReference; lastKnownFileType = sourcecode.swift; path = ProductResponse.swift; sourceTree = "<group>"; };
		0A21158E2C9F90C000A64225 /* HomePresenter.swift */ = {isa = PBXFileReference; lastKnownFileType = sourcecode.swift; path = HomePresenter.swift; sourceTree = "<group>"; };
		0A2115902C9F919700A64225 /* VehicleService.swift */ = {isa = PBXFileReference; lastKnownFileType = sourcecode.swift; path = VehicleService.swift; sourceTree = "<group>"; };
		0A54E2262CA0AE3E005CE2D4 /* ListStateView.swift */ = {isa = PBXFileReference; lastKnownFileType = sourcecode.swift; path = ListStateView.swift; sourceTree = "<group>"; };
		0A54E22B2CA0F745005CE2D4 /* ProductDetailPresenter.swift */ = {isa = PBXFileReference; lastKnownFileType = sourcecode.swift; path = ProductDetailPresenter.swift; sourceTree = "<group>"; };
		0A54E22E2CA0FB52005CE2D4 /* String+.swift */ = {isa = PBXFileReference; lastKnownFileType = sourcecode.swift; path = "String+.swift"; sourceTree = "<group>"; };
		0A54E2322CA2185B005CE2D4 /* LoadingCustomView.swift */ = {isa = PBXFileReference; lastKnownFileType = sourcecode.swift; path = LoadingCustomView.swift; sourceTree = "<group>"; };
		0A54E2342CA22090005CE2D4 /* VehicleRequest.swift */ = {isa = PBXFileReference; lastKnownFileType = sourcecode.swift; path = VehicleRequest.swift; sourceTree = "<group>"; };
		0A54E23B2CA2321F005CE2D4 /* StringExtensionsTest.swift */ = {isa = PBXFileReference; lastKnownFileType = sourcecode.swift; path = StringExtensionsTest.swift; sourceTree = "<group>"; };
		0A558E592C9E10BE0019140C /* ChallengeMercadoPago.app */ = {isa = PBXFileReference; explicitFileType = wrapper.application; includeInIndex = 0; path = ChallengeMercadoPago.app; sourceTree = BUILT_PRODUCTS_DIR; };
		0A558E5C2C9E10BE0019140C /* ChallengeMercadoPagoApp.swift */ = {isa = PBXFileReference; lastKnownFileType = sourcecode.swift; path = ChallengeMercadoPagoApp.swift; sourceTree = "<group>"; };
		0A558E5E2C9E10BE0019140C /* ContentView.swift */ = {isa = PBXFileReference; lastKnownFileType = sourcecode.swift; path = ContentView.swift; sourceTree = "<group>"; };
		0A558E602C9E10C10019140C /* Assets.xcassets */ = {isa = PBXFileReference; lastKnownFileType = folder.assetcatalog; path = Assets.xcassets; sourceTree = "<group>"; };
		0A558E632C9E10C10019140C /* Preview Assets.xcassets */ = {isa = PBXFileReference; lastKnownFileType = folder.assetcatalog; path = "Preview Assets.xcassets"; sourceTree = "<group>"; };
		0A558E692C9E10C10019140C /* ChallengeMercadoPagoTests.xctest */ = {isa = PBXFileReference; explicitFileType = wrapper.cfbundle; includeInIndex = 0; path = ChallengeMercadoPagoTests.xctest; sourceTree = BUILT_PRODUCTS_DIR; };
		0A558E6D2C9E10C10019140C /* ChallengeMercadoPagoTests.swift */ = {isa = PBXFileReference; lastKnownFileType = sourcecode.swift; path = ChallengeMercadoPagoTests.swift; sourceTree = "<group>"; };
		0ACE78BB2CA34BE4002C06E2 /* ProductDetailPresenterTest.swift */ = {isa = PBXFileReference; lastKnownFileType = sourcecode.swift; path = ProductDetailPresenterTest.swift; sourceTree = "<group>"; };
		0ACE78BD2CA36C53002C06E2 /* consigna.pdf */ = {isa = PBXFileReference; lastKnownFileType = image.pdf; path = consigna.pdf; sourceTree = "<group>"; };
/* End PBXFileReference section */

/* Begin PBXFrameworksBuildPhase section */
		0A558E562C9E10BE0019140C /* Frameworks */ = {
			isa = PBXFrameworksBuildPhase;
			buildActionMask = 2147483647;
			files = (
				0A54E22A2CA0E76B005CE2D4 /* Kingfisher in Frameworks */,
				0A2115802C9F286400A64225 /* Alamofire in Frameworks */,
				0A2115822C9F286400A64225 /* AlamofireDynamic in Frameworks */,
			);
			runOnlyForDeploymentPostprocessing = 0;
		};
		0A558E662C9E10C10019140C /* Frameworks */ = {
			isa = PBXFrameworksBuildPhase;
			buildActionMask = 2147483647;
			files = (
			);
			runOnlyForDeploymentPostprocessing = 0;
		};
/* End PBXFrameworksBuildPhase section */

/* Begin PBXGroup section */
		0A1BA6B22CA3498000372AD7 /* Mocks */ = {
			isa = PBXGroup;
			children = (
				0A1BA6B32CA3499400372AD7 /* DeportiveCarMock.swift */,
			);
			path = Mocks;
			sourceTree = "<group>";
		};
		0A2115882C9F364B00A64225 /* Networking */ = {
			isa = PBXGroup;
			children = (
				0A2115892C9F365400A64225 /* Response */,
				0A2115902C9F919700A64225 /* VehicleService.swift */,
				0A54E2342CA22090005CE2D4 /* VehicleRequest.swift */,
			);
			path = Networking;
			sourceTree = "<group>";
		};
		0A2115892C9F365400A64225 /* Response */ = {
			isa = PBXGroup;
			children = (
				0A21158A2C9F366A00A64225 /* ProductResponse.swift */,
			);
			path = Response;
			sourceTree = "<group>";
		};
		0A21158C2C9F903700A64225 /* Home */ = {
			isa = PBXGroup;
			children = (
				0A2115842C9F2FAA00A64225 /* HomeView.swift */,
				0A21158E2C9F90C000A64225 /* HomePresenter.swift */,
			);
			path = Home;
			sourceTree = "<group>";
		};
		0A21158D2C9F904B00A64225 /* Detail */ = {
			isa = PBXGroup;
			children = (
				0A2115862C9F320100A64225 /* ProductDetailView.swift */,
				0A54E22B2CA0F745005CE2D4 /* ProductDetailPresenter.swift */,
			);
			path = Detail;
			sourceTree = "<group>";
		};
		0A54E2252CA0AE27005CE2D4 /* ListState */ = {
			isa = PBXGroup;
			children = (
				0A54E2262CA0AE3E005CE2D4 /* ListStateView.swift */,
			);
			path = ListState;
			sourceTree = "<group>";
		};
		0A54E22D2CA0FB44005CE2D4 /* Utils */ = {
			isa = PBXGroup;
			children = (
				0A54E22E2CA0FB52005CE2D4 /* String+.swift */,
			);
			path = Utils;
			sourceTree = "<group>";
		};
		0A54E2302CA217F9005CE2D4 /* CommonViews */ = {
			isa = PBXGroup;
			children = (
				0A54E2312CA2183E005CE2D4 /* LoadingCustom */,
				0A54E2252CA0AE27005CE2D4 /* ListState */,
			);
			path = CommonViews;
			sourceTree = "<group>";
		};
		0A54E2312CA2183E005CE2D4 /* LoadingCustom */ = {
			isa = PBXGroup;
			children = (
				0A54E2322CA2185B005CE2D4 /* LoadingCustomView.swift */,
			);
			path = LoadingCustom;
			sourceTree = "<group>";
		};
		0A558E502C9E10BE0019140C = {
			isa = PBXGroup;
			children = (
				0A558E5B2C9E10BE0019140C /* ChallengeMercadoPago */,
				0A558E6C2C9E10C10019140C /* ChallengeMercadoPagoTests */,
				0A558E5A2C9E10BE0019140C /* Products */,
			);
			sourceTree = "<group>";
		};
		0A558E5A2C9E10BE0019140C /* Products */ = {
			isa = PBXGroup;
			children = (
				0A558E592C9E10BE0019140C /* ChallengeMercadoPago.app */,
				0A558E692C9E10C10019140C /* ChallengeMercadoPagoTests.xctest */,
			);
			name = Products;
			sourceTree = "<group>";
		};
		0A558E5B2C9E10BE0019140C /* ChallengeMercadoPago */ = {
			isa = PBXGroup;
			children = (
				0ACE78BF2CA36CAB002C06E2 /* Documentacion */,
				0A54E2302CA217F9005CE2D4 /* CommonViews */,
				0A54E22D2CA0FB44005CE2D4 /* Utils */,
				0A21158D2C9F904B00A64225 /* Detail */,
				0A21158C2C9F903700A64225 /* Home */,
				0A2115882C9F364B00A64225 /* Networking */,
				0A558E5C2C9E10BE0019140C /* ChallengeMercadoPagoApp.swift */,
				0A558E5E2C9E10BE0019140C /* ContentView.swift */,
				0A558E602C9E10C10019140C /* Assets.xcassets */,
				0A558E622C9E10C10019140C /* Preview Content */,
			);
			path = ChallengeMercadoPago;
			sourceTree = "<group>";
		};
		0A558E622C9E10C10019140C /* Preview Content */ = {
			isa = PBXGroup;
			children = (
				0A558E632C9E10C10019140C /* Preview Assets.xcassets */,
			);
			path = "Preview Content";
			sourceTree = "<group>";
		};
		0A558E6C2C9E10C10019140C /* ChallengeMercadoPagoTests */ = {
			isa = PBXGroup;
			children = (
				0A1BA6B22CA3498000372AD7 /* Mocks */,
				0A558E6D2C9E10C10019140C /* ChallengeMercadoPagoTests.swift */,
				0A54E23B2CA2321F005CE2D4 /* StringExtensionsTest.swift */,
				0ACE78BB2CA34BE4002C06E2 /* ProductDetailPresenterTest.swift */,
			);
			path = ChallengeMercadoPagoTests;
			sourceTree = "<group>";
		};
		0ACE78BF2CA36CAB002C06E2 /* Documentacion */ = {
			isa = PBXGroup;
			children = (
				0ACE78BD2CA36C53002C06E2 /* consigna.pdf */,
			);
			path = Documentacion;
			sourceTree = "<group>";
		};
/* End PBXGroup section */

/* Begin PBXNativeTarget section */
		0A558E582C9E10BE0019140C /* ChallengeMercadoPago */ = {
			isa = PBXNativeTarget;
			buildConfigurationList = 0A558E7D2C9E10C10019140C /* Build configuration list for PBXNativeTarget "ChallengeMercadoPago" */;
			buildPhases = (
				0A558E552C9E10BE0019140C /* Sources */,
				0A558E562C9E10BE0019140C /* Frameworks */,
				0A558E572C9E10BE0019140C /* Resources */,
			);
			buildRules = (
			);
			dependencies = (
			);
			name = ChallengeMercadoPago;
			packageProductDependencies = (
				0A21157F2C9F286400A64225 /* Alamofire */,
				0A2115812C9F286400A64225 /* AlamofireDynamic */,
				0A54E2292CA0E76B005CE2D4 /* Kingfisher */,
			);
			productName = ChallengeMercadoPago;
			productReference = 0A558E592C9E10BE0019140C /* ChallengeMercadoPago.app */;
			productType = "com.apple.product-type.application";
		};
		0A558E682C9E10C10019140C /* ChallengeMercadoPagoTests */ = {
			isa = PBXNativeTarget;
			buildConfigurationList = 0A558E802C9E10C10019140C /* Build configuration list for PBXNativeTarget "ChallengeMercadoPagoTests" */;
			buildPhases = (
				0A558E652C9E10C10019140C /* Sources */,
				0A558E662C9E10C10019140C /* Frameworks */,
				0A558E672C9E10C10019140C /* Resources */,
			);
			buildRules = (
			);
			dependencies = (
				0A558E6B2C9E10C10019140C /* PBXTargetDependency */,
			);
			name = ChallengeMercadoPagoTests;
			productName = ChallengeMercadoPagoTests;
			productReference = 0A558E692C9E10C10019140C /* ChallengeMercadoPagoTests.xctest */;
			productType = "com.apple.product-type.bundle.unit-test";
		};
/* End PBXNativeTarget section */

/* Begin PBXProject section */
		0A558E512C9E10BE0019140C /* Project object */ = {
			isa = PBXProject;
			attributes = {
				BuildIndependentTargetsInParallel = 1;
				LastSwiftUpdateCheck = 1520;
				LastUpgradeCheck = 1520;
				TargetAttributes = {
					0A558E582C9E10BE0019140C = {
						CreatedOnToolsVersion = 15.2;
					};
					0A558E682C9E10C10019140C = {
						CreatedOnToolsVersion = 15.2;
						TestTargetID = 0A558E582C9E10BE0019140C;
					};
				};
			};
			buildConfigurationList = 0A558E542C9E10BE0019140C /* Build configuration list for PBXProject "ChallengeMercadoPago" */;
			compatibilityVersion = "Xcode 14.0";
			developmentRegion = en;
			hasScannedForEncodings = 0;
			knownRegions = (
				en,
				Base,
			);
			mainGroup = 0A558E502C9E10BE0019140C;
			packageReferences = (
				0A5DFB392C9E39BA00D354AA /* XCRemoteSwiftPackageReference "Alamofire" */,
				0A54E2282CA0E76B005CE2D4 /* XCRemoteSwiftPackageReference "Kingfisher" */,
			);
			productRefGroup = 0A558E5A2C9E10BE0019140C /* Products */;
			projectDirPath = "";
			projectRoot = "";
			targets = (
				0A558E582C9E10BE0019140C /* ChallengeMercadoPago */,
				0A558E682C9E10C10019140C /* ChallengeMercadoPagoTests */,
			);
		};
/* End PBXProject section */

/* Begin PBXResourcesBuildPhase section */
		0A558E572C9E10BE0019140C /* Resources */ = {
			isa = PBXResourcesBuildPhase;
			buildActionMask = 2147483647;
			files = (
				0A558E642C9E10C10019140C /* Preview Assets.xcassets in Resources */,
				0A558E612C9E10C10019140C /* Assets.xcassets in Resources */,
				0ACE78BE2CA36C54002C06E2 /* consigna.pdf in Resources */,
			);
			runOnlyForDeploymentPostprocessing = 0;
		};
		0A558E672C9E10C10019140C /* Resources */ = {
			isa = PBXResourcesBuildPhase;
			buildActionMask = 2147483647;
			files = (
			);
			runOnlyForDeploymentPostprocessing = 0;
		};
/* End PBXResourcesBuildPhase section */

/* Begin PBXSourcesBuildPhase section */
		0A558E552C9E10BE0019140C /* Sources */ = {
			isa = PBXSourcesBuildPhase;
			buildActionMask = 2147483647;
			files = (
				0A2115912C9F919700A64225 /* VehicleService.swift in Sources */,
				0A54E22C2CA0F745005CE2D4 /* ProductDetailPresenter.swift in Sources */,
				0A54E22F2CA0FB52005CE2D4 /* String+.swift in Sources */,
				0A2115852C9F2FAA00A64225 /* HomeView.swift in Sources */,
				0A21158B2C9F366A00A64225 /* ProductResponse.swift in Sources */,
				0A2115872C9F320100A64225 /* ProductDetailView.swift in Sources */,
				0A21158F2C9F90C000A64225 /* HomePresenter.swift in Sources */,
				0A558E5F2C9E10BE0019140C /* ContentView.swift in Sources */,
				0A54E2272CA0AE3E005CE2D4 /* ListStateView.swift in Sources */,
				0A54E2332CA2185C005CE2D4 /* LoadingCustomView.swift in Sources */,
				0A54E2352CA22090005CE2D4 /* VehicleRequest.swift in Sources */,
				0A558E5D2C9E10BE0019140C /* ChallengeMercadoPagoApp.swift in Sources */,
			);
			runOnlyForDeploymentPostprocessing = 0;
		};
		0A558E652C9E10C10019140C /* Sources */ = {
			isa = PBXSourcesBuildPhase;
			buildActionMask = 2147483647;
			files = (
				0A54E23C2CA2321F005CE2D4 /* StringExtensionsTest.swift in Sources */,
				0ACE78BC2CA34BE4002C06E2 /* ProductDetailPresenterTest.swift in Sources */,
				0A558E6E2C9E10C10019140C /* ChallengeMercadoPagoTests.swift in Sources */,
				0A1BA6B42CA3499400372AD7 /* DeportiveCarMock.swift in Sources */,
			);
			runOnlyForDeploymentPostprocessing = 0;
		};
/* End PBXSourcesBuildPhase section */

/* Begin PBXTargetDependency section */
		0A558E6B2C9E10C10019140C /* PBXTargetDependency */ = {
			isa = PBXTargetDependency;
			target = 0A558E582C9E10BE0019140C /* ChallengeMercadoPago */;
			targetProxy = 0A558E6A2C9E10C10019140C /* PBXContainerItemProxy */;
		};
/* End PBXTargetDependency section */

/* Begin XCBuildConfiguration section */
		0A558E7B2C9E10C10019140C /* Debug */ = {
			isa = XCBuildConfiguration;
			buildSettings = {
				ALWAYS_SEARCH_USER_PATHS = NO;
				ASSETCATALOG_COMPILER_GENERATE_SWIFT_ASSET_SYMBOL_EXTENSIONS = YES;
				CLANG_ANALYZER_NONNULL = YES;
				CLANG_ANALYZER_NUMBER_OBJECT_CONVERSION = YES_AGGRESSIVE;
				CLANG_CXX_LANGUAGE_STANDARD = "gnu++20";
				CLANG_ENABLE_MODULES = YES;
				CLANG_ENABLE_OBJC_ARC = YES;
				CLANG_ENABLE_OBJC_WEAK = YES;
				CLANG_WARN_BLOCK_CAPTURE_AUTORELEASING = YES;
				CLANG_WARN_BOOL_CONVERSION = YES;
				CLANG_WARN_COMMA = YES;
				CLANG_WARN_CONSTANT_CONVERSION = YES;
				CLANG_WARN_DEPRECATED_OBJC_IMPLEMENTATIONS = YES;
				CLANG_WARN_DIRECT_OBJC_ISA_USAGE = YES_ERROR;
				CLANG_WARN_DOCUMENTATION_COMMENTS = YES;
				CLANG_WARN_EMPTY_BODY = YES;
				CLANG_WARN_ENUM_CONVERSION = YES;
				CLANG_WARN_INFINITE_RECURSION = YES;
				CLANG_WARN_INT_CONVERSION = YES;
				CLANG_WARN_NON_LITERAL_NULL_CONVERSION = YES;
				CLANG_WARN_OBJC_IMPLICIT_RETAIN_SELF = YES;
				CLANG_WARN_OBJC_LITERAL_CONVERSION = YES;
				CLANG_WARN_OBJC_ROOT_CLASS = YES_ERROR;
				CLANG_WARN_QUOTED_INCLUDE_IN_FRAMEWORK_HEADER = YES;
				CLANG_WARN_RANGE_LOOP_ANALYSIS = YES;
				CLANG_WARN_STRICT_PROTOTYPES = YES;
				CLANG_WARN_SUSPICIOUS_MOVE = YES;
				CLANG_WARN_UNGUARDED_AVAILABILITY = YES_AGGRESSIVE;
				CLANG_WARN_UNREACHABLE_CODE = YES;
				CLANG_WARN__DUPLICATE_METHOD_MATCH = YES;
				COPY_PHASE_STRIP = NO;
				DEBUG_INFORMATION_FORMAT = dwarf;
				ENABLE_STRICT_OBJC_MSGSEND = YES;
				ENABLE_TESTABILITY = YES;
				ENABLE_USER_SCRIPT_SANDBOXING = YES;
				GCC_C_LANGUAGE_STANDARD = gnu17;
				GCC_DYNAMIC_NO_PIC = NO;
				GCC_NO_COMMON_BLOCKS = YES;
				GCC_OPTIMIZATION_LEVEL = 0;
				GCC_PREPROCESSOR_DEFINITIONS = (
					"DEBUG=1",
					"$(inherited)",
				);
				GCC_WARN_64_TO_32_BIT_CONVERSION = YES;
				GCC_WARN_ABOUT_RETURN_TYPE = YES_ERROR;
				GCC_WARN_UNDECLARED_SELECTOR = YES;
				GCC_WARN_UNINITIALIZED_AUTOS = YES_AGGRESSIVE;
				GCC_WARN_UNUSED_FUNCTION = YES;
				GCC_WARN_UNUSED_VARIABLE = YES;
				IPHONEOS_DEPLOYMENT_TARGET = 17.2;
				LOCALIZATION_PREFERS_STRING_CATALOGS = YES;
				MTL_ENABLE_DEBUG_INFO = INCLUDE_SOURCE;
				MTL_FAST_MATH = YES;
				ONLY_ACTIVE_ARCH = YES;
				SDKROOT = iphoneos;
				SWIFT_ACTIVE_COMPILATION_CONDITIONS = "DEBUG $(inherited)";
				SWIFT_OPTIMIZATION_LEVEL = "-Onone";
			};
			name = Debug;
		};
		0A558E7C2C9E10C10019140C /* Release */ = {
			isa = XCBuildConfiguration;
			buildSettings = {
				ALWAYS_SEARCH_USER_PATHS = NO;
				ASSETCATALOG_COMPILER_GENERATE_SWIFT_ASSET_SYMBOL_EXTENSIONS = YES;
				CLANG_ANALYZER_NONNULL = YES;
				CLANG_ANALYZER_NUMBER_OBJECT_CONVERSION = YES_AGGRESSIVE;
				CLANG_CXX_LANGUAGE_STANDARD = "gnu++20";
				CLANG_ENABLE_MODULES = YES;
				CLANG_ENABLE_OBJC_ARC = YES;
				CLANG_ENABLE_OBJC_WEAK = YES;
				CLANG_WARN_BLOCK_CAPTURE_AUTORELEASING = YES;
				CLANG_WARN_BOOL_CONVERSION = YES;
				CLANG_WARN_COMMA = YES;
				CLANG_WARN_CONSTANT_CONVERSION = YES;
				CLANG_WARN_DEPRECATED_OBJC_IMPLEMENTATIONS = YES;
				CLANG_WARN_DIRECT_OBJC_ISA_USAGE = YES_ERROR;
				CLANG_WARN_DOCUMENTATION_COMMENTS = YES;
				CLANG_WARN_EMPTY_BODY = YES;
				CLANG_WARN_ENUM_CONVERSION = YES;
				CLANG_WARN_INFINITE_RECURSION = YES;
				CLANG_WARN_INT_CONVERSION = YES;
				CLANG_WARN_NON_LITERAL_NULL_CONVERSION = YES;
				CLANG_WARN_OBJC_IMPLICIT_RETAIN_SELF = YES;
				CLANG_WARN_OBJC_LITERAL_CONVERSION = YES;
				CLANG_WARN_OBJC_ROOT_CLASS = YES_ERROR;
				CLANG_WARN_QUOTED_INCLUDE_IN_FRAMEWORK_HEADER = YES;
				CLANG_WARN_RANGE_LOOP_ANALYSIS = YES;
				CLANG_WARN_STRICT_PROTOTYPES = YES;
				CLANG_WARN_SUSPICIOUS_MOVE = YES;
				CLANG_WARN_UNGUARDED_AVAILABILITY = YES_AGGRESSIVE;
				CLANG_WARN_UNREACHABLE_CODE = YES;
				CLANG_WARN__DUPLICATE_METHOD_MATCH = YES;
				COPY_PHASE_STRIP = NO;
				DEBUG_INFORMATION_FORMAT = "dwarf-with-dsym";
				ENABLE_NS_ASSERTIONS = NO;
				ENABLE_STRICT_OBJC_MSGSEND = YES;
				ENABLE_USER_SCRIPT_SANDBOXING = YES;
				GCC_C_LANGUAGE_STANDARD = gnu17;
				GCC_NO_COMMON_BLOCKS = YES;
				GCC_WARN_64_TO_32_BIT_CONVERSION = YES;
				GCC_WARN_ABOUT_RETURN_TYPE = YES_ERROR;
				GCC_WARN_UNDECLARED_SELECTOR = YES;
				GCC_WARN_UNINITIALIZED_AUTOS = YES_AGGRESSIVE;
				GCC_WARN_UNUSED_FUNCTION = YES;
				GCC_WARN_UNUSED_VARIABLE = YES;
				IPHONEOS_DEPLOYMENT_TARGET = 17.2;
				LOCALIZATION_PREFERS_STRING_CATALOGS = YES;
				MTL_ENABLE_DEBUG_INFO = NO;
				MTL_FAST_MATH = YES;
				SDKROOT = iphoneos;
				SWIFT_COMPILATION_MODE = wholemodule;
				VALIDATE_PRODUCT = YES;
			};
			name = Release;
		};
		0A558E7E2C9E10C10019140C /* Debug */ = {
			isa = XCBuildConfiguration;
			buildSettings = {
				ASSETCATALOG_COMPILER_APPICON_NAME = AppIcon;
				ASSETCATALOG_COMPILER_GLOBAL_ACCENT_COLOR_NAME = AccentColor;
				CODE_SIGN_STYLE = Automatic;
				CURRENT_PROJECT_VERSION = 1;
				DEVELOPMENT_ASSET_PATHS = "\"ChallengeMercadoPago/Preview Content\"";
				DEVELOPMENT_TEAM = KZTT35S889;
				ENABLE_PREVIEWS = YES;
				GENERATE_INFOPLIST_FILE = YES;
				INFOPLIST_KEY_UIApplicationSceneManifest_Generation = YES;
				INFOPLIST_KEY_UIApplicationSupportsIndirectInputEvents = YES;
				INFOPLIST_KEY_UILaunchScreen_Generation = YES;
				INFOPLIST_KEY_UISupportedInterfaceOrientations_iPad = "UIInterfaceOrientationPortrait UIInterfaceOrientationPortraitUpsideDown UIInterfaceOrientationLandscapeLeft UIInterfaceOrientationLandscapeRight";
				INFOPLIST_KEY_UISupportedInterfaceOrientations_iPhone = "UIInterfaceOrientationPortrait UIInterfaceOrientationLandscapeLeft UIInterfaceOrientationLandscapeRight";
				LD_RUNPATH_SEARCH_PATHS = (
					"$(inherited)",
					"@executable_path/Frameworks",
				);
				MARKETING_VERSION = 1.0;
				PRODUCT_BUNDLE_IDENTIFIER = matias.ezequiel.palmieri.ChallengeMercadoPago;
				PRODUCT_NAME = "$(TARGET_NAME)";
				SWIFT_EMIT_LOC_STRINGS = YES;
				SWIFT_VERSION = 5.0;
				TARGETED_DEVICE_FAMILY = "1,2";
			};
			name = Debug;
		};
		0A558E7F2C9E10C10019140C /* Release */ = {
			isa = XCBuildConfiguration;
			buildSettings = {
				ASSETCATALOG_COMPILER_APPICON_NAME = AppIcon;
				ASSETCATALOG_COMPILER_GLOBAL_ACCENT_COLOR_NAME = AccentColor;
				CODE_SIGN_STYLE = Automatic;
				CURRENT_PROJECT_VERSION = 1;
				DEVELOPMENT_ASSET_PATHS = "\"ChallengeMercadoPago/Preview Content\"";
				DEVELOPMENT_TEAM = KZTT35S889;
				ENABLE_PREVIEWS = YES;
				GENERATE_INFOPLIST_FILE = YES;
				INFOPLIST_KEY_UIApplicationSceneManifest_Generation = YES;
				INFOPLIST_KEY_UIApplicationSupportsIndirectInputEvents = YES;
				INFOPLIST_KEY_UILaunchScreen_Generation = YES;
				INFOPLIST_KEY_UISupportedInterfaceOrientations_iPad = "UIInterfaceOrientationPortrait UIInterfaceOrientationPortraitUpsideDown UIInterfaceOrientationLandscapeLeft UIInterfaceOrientationLandscapeRight";
				INFOPLIST_KEY_UISupportedInterfaceOrientations_iPhone = "UIInterfaceOrientationPortrait UIInterfaceOrientationLandscapeLeft UIInterfaceOrientationLandscapeRight";
				LD_RUNPATH_SEARCH_PATHS = (
					"$(inherited)",
					"@executable_path/Frameworks",
				);
				MARKETING_VERSION = 1.0;
				PRODUCT_BUNDLE_IDENTIFIER = matias.ezequiel.palmieri.ChallengeMercadoPago;
				PRODUCT_NAME = "$(TARGET_NAME)";
				SWIFT_EMIT_LOC_STRINGS = YES;
				SWIFT_VERSION = 5.0;
				TARGETED_DEVICE_FAMILY = "1,2";
			};
			name = Release;
		};
		0A558E812C9E10C10019140C /* Debug */ = {
			isa = XCBuildConfiguration;
			buildSettings = {
				ALWAYS_EMBED_SWIFT_STANDARD_LIBRARIES = YES;
				BUNDLE_LOADER = "$(TEST_HOST)";
				CODE_SIGN_STYLE = Automatic;
				CURRENT_PROJECT_VERSION = 1;
				DEVELOPMENT_TEAM = KZTT35S889;
				GENERATE_INFOPLIST_FILE = YES;
				IPHONEOS_DEPLOYMENT_TARGET = 17.2;
				MARKETING_VERSION = 1.0;
				PRODUCT_BUNDLE_IDENTIFIER = matias.ezequiel.palmieri.ChallengeMercadoPagoTests;
				PRODUCT_NAME = "$(TARGET_NAME)";
				SWIFT_EMIT_LOC_STRINGS = NO;
				SWIFT_VERSION = 5.0;
				TARGETED_DEVICE_FAMILY = "1,2";
				TEST_HOST = "$(BUILT_PRODUCTS_DIR)/ChallengeMercadoPago.app/$(BUNDLE_EXECUTABLE_FOLDER_PATH)/ChallengeMercadoPago";
			};
			name = Debug;
		};
		0A558E822C9E10C10019140C /* Release */ = {
			isa = XCBuildConfiguration;
			buildSettings = {
				ALWAYS_EMBED_SWIFT_STANDARD_LIBRARIES = YES;
				BUNDLE_LOADER = "$(TEST_HOST)";
				CODE_SIGN_STYLE = Automatic;
				CURRENT_PROJECT_VERSION = 1;
				DEVELOPMENT_TEAM = KZTT35S889;
				GENERATE_INFOPLIST_FILE = YES;
				IPHONEOS_DEPLOYMENT_TARGET = 17.2;
				MARKETING_VERSION = 1.0;
				PRODUCT_BUNDLE_IDENTIFIER = matias.ezequiel.palmieri.ChallengeMercadoPagoTests;
				PRODUCT_NAME = "$(TARGET_NAME)";
				SWIFT_EMIT_LOC_STRINGS = NO;
				SWIFT_VERSION = 5.0;
				TARGETED_DEVICE_FAMILY = "1,2";
				TEST_HOST = "$(BUILT_PRODUCTS_DIR)/ChallengeMercadoPago.app/$(BUNDLE_EXECUTABLE_FOLDER_PATH)/ChallengeMercadoPago";
			};
			name = Release;
		};
/* End XCBuildConfiguration section */

/* Begin XCConfigurationList section */
		0A558E542C9E10BE0019140C /* Build configuration list for PBXProject "ChallengeMercadoPago" */ = {
			isa = XCConfigurationList;
			buildConfigurations = (
				0A558E7B2C9E10C10019140C /* Debug */,
				0A558E7C2C9E10C10019140C /* Release */,
			);
			defaultConfigurationIsVisible = 0;
			defaultConfigurationName = Release;
		};
		0A558E7D2C9E10C10019140C /* Build configuration list for PBXNativeTarget "ChallengeMercadoPago" */ = {
			isa = XCConfigurationList;
			buildConfigurations = (
				0A558E7E2C9E10C10019140C /* Debug */,
				0A558E7F2C9E10C10019140C /* Release */,
			);
			defaultConfigurationIsVisible = 0;
			defaultConfigurationName = Release;
		};
		0A558E802C9E10C10019140C /* Build configuration list for PBXNativeTarget "ChallengeMercadoPagoTests" */ = {
			isa = XCConfigurationList;
			buildConfigurations = (
				0A558E812C9E10C10019140C /* Debug */,
				0A558E822C9E10C10019140C /* Release */,
			);
			defaultConfigurationIsVisible = 0;
			defaultConfigurationName = Release;
		};
/* End XCConfigurationList section */

/* Begin XCRemoteSwiftPackageReference section */
		0A54E2282CA0E76B005CE2D4 /* XCRemoteSwiftPackageReference "Kingfisher" */ = {
			isa = XCRemoteSwiftPackageReference;
			repositoryURL = "https://github.com/onevcat/Kingfisher.git";
			requirement = {
				kind = exactVersion;
				version = 8.0.3;
			};
		};
		0A5DFB392C9E39BA00D354AA /* XCRemoteSwiftPackageReference "Alamofire" */ = {
			isa = XCRemoteSwiftPackageReference;
			repositoryURL = "https://github.com/Alamofire/Alamofire.git";
			requirement = {
				kind = exactVersion;
				version = 5.9.1;
			};
		};
/* End XCRemoteSwiftPackageReference section */

/* Begin XCSwiftPackageProductDependency section */
		0A21157F2C9F286400A64225 /* Alamofire */ = {
			isa = XCSwiftPackageProductDependency;
			package = 0A5DFB392C9E39BA00D354AA /* XCRemoteSwiftPackageReference "Alamofire" */;
			productName = Alamofire;
		};
		0A2115812C9F286400A64225 /* AlamofireDynamic */ = {
			isa = XCSwiftPackageProductDependency;
			package = 0A5DFB392C9E39BA00D354AA /* XCRemoteSwiftPackageReference "Alamofire" */;
			productName = AlamofireDynamic;
		};
		0A54E2292CA0E76B005CE2D4 /* Kingfisher */ = {
			isa = XCSwiftPackageProductDependency;
			package = 0A54E2282CA0E76B005CE2D4 /* XCRemoteSwiftPackageReference "Kingfisher" */;
			productName = Kingfisher;
		};
/* End XCSwiftPackageProductDependency section */
	};
	rootObject = 0A558E512C9E10BE0019140C /* Project object */;
}
